
Microsoft Visual Studio Solution File, Format Version 12.00
# Visual Studio Version 16
VisualStudioVersion = 16.0.32002.261
MinimumVisualStudioVersion = 10.0.40219.1
Project("{FAE04EC0-301F-11D3-BF4B-00C04F79EFBC}") = "Constructor_Overloading_In_Csharp", "Constructor_Overloading_In_Csharp.csproj", "{6C478EC9-511D-4F6E-8BD6-2D16CDA7D172}"
EndProject
Global
	GlobalSection(SolutionConfigurationPlatforms) = preSolution
		Debug|Any CPU = Debug|Any CPU
		Release|Any CPU = Release|Any CPU
	EndGlobalSection
	GlobalSection(ProjectConfigurationPlatforms) = postSolution
		{6C478EC9-511D-4F6E-8BD6-2D16CDA7D172}.Debug|Any CPU.ActiveCfg = Debug|Any CPU
		{6C478EC9-511D-4F6E-8BD6-2D16CDA7D172}.Debug|Any CPU.Build.0 = Debug|Any CPU
		{6C478EC9-511D-4F6E-8BD6-2D16CDA7D172}.Release|Any CPU.ActiveCfg = Release|Any CPU
		{6C478EC9-511D-4F6E-8BD6-2D16CDA7D172}.Release|Any CPU.Build.0 = Release|Any CPU
	EndGlobalSection
	GlobalSection(SolutionProperties) = preSolution
		HideSolutionNode = FALSE
	EndGlobalSection
	GlobalSection(ExtensibilityGlobals) = postSolution
		SolutionGuid = {68D19F9E-510B-4EF7-80FE-1CA26722CBD0}
	EndGlobalSection
EndGlobal
