
Microsoft Visual Studio Solution File, Format Version 12.00
# Visual Studio Version 16
VisualStudioVersion = 16.0.32002.261
MinimumVisualStudioVersion = 10.0.40219.1
Project("{FAE04EC0-301F-11D3-BF4B-00C04F79EFBC}") = "While_Loop_Csharp", "While_Loop_Csharp.csproj", "{FBA63AD6-169D-485E-A15D-904BE3641F7E}"
EndProject
Global
	GlobalSection(SolutionConfigurationPlatforms) = preSolution
		Debug|Any CPU = Debug|Any CPU
		Release|Any CPU = Release|Any CPU
	EndGlobalSection
	GlobalSection(ProjectConfigurationPlatforms) = postSolution
		{FBA63AD6-169D-485E-A15D-904BE3641F7E}.Debug|Any CPU.ActiveCfg = Debug|Any CPU
		{FBA63AD6-169D-485E-A15D-904BE3641F7E}.Debug|Any CPU.Build.0 = Debug|Any CPU
		{FBA63AD6-169D-485E-A15D-904BE3641F7E}.Release|Any CPU.ActiveCfg = Release|Any CPU
		{FBA63AD6-169D-485E-A15D-904BE3641F7E}.Release|Any CPU.Build.0 = Release|Any CPU
	EndGlobalSection
	GlobalSection(SolutionProperties) = preSolution
		HideSolutionNode = FALSE
	EndGlobalSection
	GlobalSection(ExtensibilityGlobals) = postSolution
		SolutionGuid = {B57AD26F-8B9D-4956-9107-5CD27D158F31}
	EndGlobalSection
EndGlobal
