
Microsoft Visual Studio Solution File, Format Version 12.00
# Visual Studio Version 16
VisualStudioVersion = 16.0.32002.261
MinimumVisualStudioVersion = 10.0.40219.1
Project("{FAE04EC0-301F-11D3-BF4B-00C04F79EFBC}") = "Switch_Case_Statement", "Switch_Case_Statement.csproj", "{0A17CEF0-DF55-46B5-816E-015C52D019B2}"
EndProject
Global
	GlobalSection(SolutionConfigurationPlatforms) = preSolution
		Debug|Any CPU = Debug|Any CPU
		Release|Any CPU = Release|Any CPU
	EndGlobalSection
	GlobalSection(ProjectConfigurationPlatforms) = postSolution
		{0A17CEF0-DF55-46B5-816E-015C52D019B2}.Debug|Any CPU.ActiveCfg = Debug|Any CPU
		{0A17CEF0-DF55-46B5-816E-015C52D019B2}.Debug|Any CPU.Build.0 = Debug|Any CPU
		{0A17CEF0-DF55-46B5-816E-015C52D019B2}.Release|Any CPU.ActiveCfg = Release|Any CPU
		{0A17CEF0-DF55-46B5-816E-015C52D019B2}.Release|Any CPU.Build.0 = Release|Any CPU
	EndGlobalSection
	GlobalSection(SolutionProperties) = preSolution
		HideSolutionNode = FALSE
	EndGlobalSection
	GlobalSection(ExtensibilityGlobals) = postSolution
		SolutionGuid = {A3FBB0EC-5768-463C-B18F-EAB2E804C781}
	EndGlobalSection
EndGlobal
