
Microsoft Visual Studio Solution File, Format Version 12.00
# Visual Studio Version 16
VisualStudioVersion = 16.0.31729.503
MinimumVisualStudioVersion = 10.0.40219.1
Project("{FAE04EC0-301F-11D3-BF4B-00C04F79EFBC}") = "Disconnected_Architecture", "Disconnected_Architecture.csproj", "{D983A6AB-38A0-4B69-9D95-966DB412A250}"
EndProject
Global
	GlobalSection(SolutionConfigurationPlatforms) = preSolution
		Debug|Any CPU = Debug|Any CPU
		Release|Any CPU = Release|Any CPU
	EndGlobalSection
	GlobalSection(ProjectConfigurationPlatforms) = postSolution
		{D983A6AB-38A0-4B69-9D95-966DB412A250}.Debug|Any CPU.ActiveCfg = Debug|Any CPU
		{D983A6AB-38A0-4B69-9D95-966DB412A250}.Debug|Any CPU.Build.0 = Debug|Any CPU
		{D983A6AB-38A0-4B69-9D95-966DB412A250}.Release|Any CPU.ActiveCfg = Release|Any CPU
		{D983A6AB-38A0-4B69-9D95-966DB412A250}.Release|Any CPU.Build.0 = Release|Any CPU
	EndGlobalSection
	GlobalSection(SolutionProperties) = preSolution
		HideSolutionNode = FALSE
	EndGlobalSection
	GlobalSection(ExtensibilityGlobals) = postSolution
		SolutionGuid = {CD4DC8D6-ABBA-463A-8000-EC023B43572C}
	EndGlobalSection
EndGlobal
