
Microsoft Visual Studio Solution File, Format Version 12.00
# Visual Studio Version 16
VisualStudioVersion = 16.0.32002.261
MinimumVisualStudioVersion = 10.0.40219.1
Project("{FAE04EC0-301F-11D3-BF4B-00C04F79EFBC}") = "Assigment_Operator", "Assigment_Operator.csproj", "{36B0CF9B-E344-4501-A686-3021DCD50A59}"
EndProject
Global
	GlobalSection(SolutionConfigurationPlatforms) = preSolution
		Debug|Any CPU = Debug|Any CPU
		Release|Any CPU = Release|Any CPU
	EndGlobalSection
	GlobalSection(ProjectConfigurationPlatforms) = postSolution
		{36B0CF9B-E344-4501-A686-3021DCD50A59}.Debug|Any CPU.ActiveCfg = Debug|Any CPU
		{36B0CF9B-E344-4501-A686-3021DCD50A59}.Debug|Any CPU.Build.0 = Debug|Any CPU
		{36B0CF9B-E344-4501-A686-3021DCD50A59}.Release|Any CPU.ActiveCfg = Release|Any CPU
		{36B0CF9B-E344-4501-A686-3021DCD50A59}.Release|Any CPU.Build.0 = Release|Any CPU
	EndGlobalSection
	GlobalSection(SolutionProperties) = preSolution
		HideSolutionNode = FALSE
	EndGlobalSection
	GlobalSection(ExtensibilityGlobals) = postSolution
		SolutionGuid = {49CF5A89-85A6-44B8-BF91-E9FF2E971B93}
	EndGlobalSection
EndGlobal
