
Microsoft Visual Studio Solution File, Format Version 12.00
# Visual Studio Version 16
VisualStudioVersion = 16.0.32002.261
MinimumVisualStudioVersion = 10.0.40219.1
Project("{FAE04EC0-301F-11D3-BF4B-00C04F79EFBC}") = "Copy_Constructor", "Copy_Constructor.csproj", "{89FAA423-1DCC-4B55-BCAD-3A071D07234A}"
EndProject
Global
	GlobalSection(SolutionConfigurationPlatforms) = preSolution
		Debug|Any CPU = Debug|Any CPU
		Release|Any CPU = Release|Any CPU
	EndGlobalSection
	GlobalSection(ProjectConfigurationPlatforms) = postSolution
		{89FAA423-1DCC-4B55-BCAD-3A071D07234A}.Debug|Any CPU.ActiveCfg = Debug|Any CPU
		{89FAA423-1DCC-4B55-BCAD-3A071D07234A}.Debug|Any CPU.Build.0 = Debug|Any CPU
		{89FAA423-1DCC-4B55-BCAD-3A071D07234A}.Release|Any CPU.ActiveCfg = Release|Any CPU
		{89FAA423-1DCC-4B55-BCAD-3A071D07234A}.Release|Any CPU.Build.0 = Release|Any CPU
	EndGlobalSection
	GlobalSection(SolutionProperties) = preSolution
		HideSolutionNode = FALSE
	EndGlobalSection
	GlobalSection(ExtensibilityGlobals) = postSolution
		SolutionGuid = {3D67F0CA-30EB-4B23-9115-AF30DDAE95E7}
	EndGlobalSection
EndGlobal
