
Microsoft Visual Studio Solution File, Format Version 12.00
# Visual Studio Version 16
VisualStudioVersion = 16.0.32002.261
MinimumVisualStudioVersion = 10.0.40219.1
Project("{FAE04EC0-301F-11D3-BF4B-00C04F79EFBC}") = "Introduction_Csharp", "Introduction_Csharp.csproj", "{6979AEA8-8AA8-47B2-A64D-097AF7D77FE9}"
EndProject
Global
	GlobalSection(SolutionConfigurationPlatforms) = preSolution
		Debug|Any CPU = Debug|Any CPU
		Release|Any CPU = Release|Any CPU
	EndGlobalSection
	GlobalSection(ProjectConfigurationPlatforms) = postSolution
		{6979AEA8-8AA8-47B2-A64D-097AF7D77FE9}.Debug|Any CPU.ActiveCfg = Debug|Any CPU
		{6979AEA8-8AA8-47B2-A64D-097AF7D77FE9}.Debug|Any CPU.Build.0 = Debug|Any CPU
		{6979AEA8-8AA8-47B2-A64D-097AF7D77FE9}.Release|Any CPU.ActiveCfg = Release|Any CPU
		{6979AEA8-8AA8-47B2-A64D-097AF7D77FE9}.Release|Any CPU.Build.0 = Release|Any CPU
	EndGlobalSection
	GlobalSection(SolutionProperties) = preSolution
		HideSolutionNode = FALSE
	EndGlobalSection
	GlobalSection(ExtensibilityGlobals) = postSolution
		SolutionGuid = {4C53081A-48D1-445E-8F0F-8915472B8490}
	EndGlobalSection
EndGlobal
