
Microsoft Visual Studio Solution File, Format Version 12.00
# Visual Studio Version 16
VisualStudioVersion = 16.0.31729.503
MinimumVisualStudioVersion = 10.0.40219.1
Project("{FAE04EC0-301F-11D3-BF4B-00C04F79EFBC}") = "Get_PostExample", "Get_PostExample\Get_PostExample.csproj", "{02A849A3-F889-4101-B69C-12ECD9A77AD6}"
EndProject
Project("{F184B08F-C81C-45F6-A57F-5ABD9991F28F}") = "P_Dec18_GetMethod_Example", "P_Dec18_GetMethod_Example\P_Dec18_GetMethod_Example.vbproj", "{EBA3DAF8-DA1C-43DD-88BE-106C13E11235}"
EndProject
Project("{FAE04EC0-301F-11D3-BF4B-00C04F79EFBC}") = "ServerControlExample", "ServerControlExample\ServerControlExample.csproj", "{5A4303DA-043B-406A-9FE9-6B3B83808A94}"
EndProject
Project("{FAE04EC0-301F-11D3-BF4B-00C04F79EFBC}") = "Webpage_FormHtml", "Webpage_FormHtml\Webpage_FormHtml.csproj", "{5A09FA1E-C814-4B40-AC5B-762A6B552E4C}"
EndProject
Project("{FAE04EC0-301F-11D3-BF4B-00C04F79EFBC}") = "NewsLetter_signup_Form", "NewsLetter_signup_Form\NewsLetter_signup_Form.csproj", "{DD1854D0-4643-430B-86A2-4C8B581C5A38}"
EndProject
Global
	GlobalSection(SolutionConfigurationPlatforms) = preSolution
		Debug|Any CPU = Debug|Any CPU
		Release|Any CPU = Release|Any CPU
	EndGlobalSection
	GlobalSection(ProjectConfigurationPlatforms) = postSolution
		{02A849A3-F889-4101-B69C-12ECD9A77AD6}.Debug|Any CPU.ActiveCfg = Debug|Any CPU
		{02A849A3-F889-4101-B69C-12ECD9A77AD6}.Debug|Any CPU.Build.0 = Debug|Any CPU
		{02A849A3-F889-4101-B69C-12ECD9A77AD6}.Release|Any CPU.ActiveCfg = Release|Any CPU
		{02A849A3-F889-4101-B69C-12ECD9A77AD6}.Release|Any CPU.Build.0 = Release|Any CPU
		{EBA3DAF8-DA1C-43DD-88BE-106C13E11235}.Debug|Any CPU.ActiveCfg = Debug|Any CPU
		{EBA3DAF8-DA1C-43DD-88BE-106C13E11235}.Debug|Any CPU.Build.0 = Debug|Any CPU
		{EBA3DAF8-DA1C-43DD-88BE-106C13E11235}.Release|Any CPU.ActiveCfg = Release|Any CPU
		{EBA3DAF8-DA1C-43DD-88BE-106C13E11235}.Release|Any CPU.Build.0 = Release|Any CPU
		{5A4303DA-043B-406A-9FE9-6B3B83808A94}.Debug|Any CPU.ActiveCfg = Debug|Any CPU
		{5A4303DA-043B-406A-9FE9-6B3B83808A94}.Debug|Any CPU.Build.0 = Debug|Any CPU
		{5A4303DA-043B-406A-9FE9-6B3B83808A94}.Release|Any CPU.ActiveCfg = Release|Any CPU
		{5A4303DA-043B-406A-9FE9-6B3B83808A94}.Release|Any CPU.Build.0 = Release|Any CPU
		{5A09FA1E-C814-4B40-AC5B-762A6B552E4C}.Debug|Any CPU.ActiveCfg = Debug|Any CPU
		{5A09FA1E-C814-4B40-AC5B-762A6B552E4C}.Debug|Any CPU.Build.0 = Debug|Any CPU
		{5A09FA1E-C814-4B40-AC5B-762A6B552E4C}.Release|Any CPU.ActiveCfg = Release|Any CPU
		{5A09FA1E-C814-4B40-AC5B-762A6B552E4C}.Release|Any CPU.Build.0 = Release|Any CPU
		{DD1854D0-4643-430B-86A2-4C8B581C5A38}.Debug|Any CPU.ActiveCfg = Debug|Any CPU
		{DD1854D0-4643-430B-86A2-4C8B581C5A38}.Debug|Any CPU.Build.0 = Debug|Any CPU
		{DD1854D0-4643-430B-86A2-4C8B581C5A38}.Release|Any CPU.ActiveCfg = Release|Any CPU
		{DD1854D0-4643-430B-86A2-4C8B581C5A38}.Release|Any CPU.Build.0 = Release|Any CPU
	EndGlobalSection
	GlobalSection(SolutionProperties) = preSolution
		HideSolutionNode = FALSE
	EndGlobalSection
	GlobalSection(ExtensibilityGlobals) = postSolution
		SolutionGuid = {DF32091C-15D9-4C8D-A97D-57C603835F12}
	EndGlobalSection
EndGlobal
