
Microsoft Visual Studio Solution File, Format Version 12.00
# Visual Studio Version 16
VisualStudioVersion = 16.0.32002.261
MinimumVisualStudioVersion = 10.0.40219.1
Project("{FAE04EC0-301F-11D3-BF4B-00C04F79EFBC}") = "multiply_twofloating_number", "multiply_twofloating_number.csproj", "{AB4D95D9-2BBB-49E4-882D-6317CA532BE8}"
EndProject
Global
	GlobalSection(SolutionConfigurationPlatforms) = preSolution
		Debug|Any CPU = Debug|Any CPU
		Release|Any CPU = Release|Any CPU
	EndGlobalSection
	GlobalSection(ProjectConfigurationPlatforms) = postSolution
		{AB4D95D9-2BBB-49E4-882D-6317CA532BE8}.Debug|Any CPU.ActiveCfg = Debug|Any CPU
		{AB4D95D9-2BBB-49E4-882D-6317CA532BE8}.Debug|Any CPU.Build.0 = Debug|Any CPU
		{AB4D95D9-2BBB-49E4-882D-6317CA532BE8}.Release|Any CPU.ActiveCfg = Release|Any CPU
		{AB4D95D9-2BBB-49E4-882D-6317CA532BE8}.Release|Any CPU.Build.0 = Release|Any CPU
	EndGlobalSection
	GlobalSection(SolutionProperties) = preSolution
		HideSolutionNode = FALSE
	EndGlobalSection
	GlobalSection(ExtensibilityGlobals) = postSolution
		SolutionGuid = {C2B9518B-B573-4400-A3C6-DBB12A0E6189}
	EndGlobalSection
EndGlobal
