
Microsoft Visual Studio Solution File, Format Version 12.00
# Visual Studio Version 16
VisualStudioVersion = 16.0.31729.503
MinimumVisualStudioVersion = 10.0.40219.1
Project("{FAE04EC0-301F-11D3-BF4B-00C04F79EFBC}") = "HTML_HelperMethods", "HTML_HelperMethods.csproj", "{36135C38-0D17-4180-95A9-26484DD89AAB}"
EndProject
Global
	GlobalSection(SolutionConfigurationPlatforms) = preSolution
		Debug|Any CPU = Debug|Any CPU
		Release|Any CPU = Release|Any CPU
	EndGlobalSection
	GlobalSection(ProjectConfigurationPlatforms) = postSolution
		{36135C38-0D17-4180-95A9-26484DD89AAB}.Debug|Any CPU.ActiveCfg = Debug|Any CPU
		{36135C38-0D17-4180-95A9-26484DD89AAB}.Debug|Any CPU.Build.0 = Debug|Any CPU
		{36135C38-0D17-4180-95A9-26484DD89AAB}.Release|Any CPU.ActiveCfg = Release|Any CPU
		{36135C38-0D17-4180-95A9-26484DD89AAB}.Release|Any CPU.Build.0 = Release|Any CPU
	EndGlobalSection
	GlobalSection(SolutionProperties) = preSolution
		HideSolutionNode = FALSE
	EndGlobalSection
	GlobalSection(ExtensibilityGlobals) = postSolution
		SolutionGuid = {C2026C86-A580-4B5D-BDFF-8E72514CEEEB}
	EndGlobalSection
EndGlobal
