
Microsoft Visual Studio Solution File, Format Version 12.00
# Visual Studio Version 16
VisualStudioVersion = 16.0.32002.261
MinimumVisualStudioVersion = 10.0.40219.1
Project("{FAE04EC0-301F-11D3-BF4B-00C04F79EFBC}") = "Neasted_If_Else", "Neasted_If_Else.csproj", "{18E5CCA8-FCD6-4A24-9472-7BC6092882D4}"
EndProject
Global
	GlobalSection(SolutionConfigurationPlatforms) = preSolution
		Debug|Any CPU = Debug|Any CPU
		Release|Any CPU = Release|Any CPU
	EndGlobalSection
	GlobalSection(ProjectConfigurationPlatforms) = postSolution
		{18E5CCA8-FCD6-4A24-9472-7BC6092882D4}.Debug|Any CPU.ActiveCfg = Debug|Any CPU
		{18E5CCA8-FCD6-4A24-9472-7BC6092882D4}.Debug|Any CPU.Build.0 = Debug|Any CPU
		{18E5CCA8-FCD6-4A24-9472-7BC6092882D4}.Release|Any CPU.ActiveCfg = Release|Any CPU
		{18E5CCA8-FCD6-4A24-9472-7BC6092882D4}.Release|Any CPU.Build.0 = Release|Any CPU
	EndGlobalSection
	GlobalSection(SolutionProperties) = preSolution
		HideSolutionNode = FALSE
	EndGlobalSection
	GlobalSection(ExtensibilityGlobals) = postSolution
		SolutionGuid = {03EBEAC4-7B97-4C52-9BEE-98E68A58C9E2}
	EndGlobalSection
EndGlobal
