
Microsoft Visual Studio Solution File, Format Version 12.00
# Visual Studio Version 16
VisualStudioVersion = 16.0.32002.261
MinimumVisualStudioVersion = 10.0.40219.1
Project("{FAE04EC0-301F-11D3-BF4B-00C04F79EFBC}") = "Logical_OR_Conditional", "Logical_OR_Conditional.csproj", "{1E5AE046-4726-48D9-9B66-A5EE6DE886E4}"
EndProject
Global
	GlobalSection(SolutionConfigurationPlatforms) = preSolution
		Debug|Any CPU = Debug|Any CPU
		Release|Any CPU = Release|Any CPU
	EndGlobalSection
	GlobalSection(ProjectConfigurationPlatforms) = postSolution
		{1E5AE046-4726-48D9-9B66-A5EE6DE886E4}.Debug|Any CPU.ActiveCfg = Debug|Any CPU
		{1E5AE046-4726-48D9-9B66-A5EE6DE886E4}.Debug|Any CPU.Build.0 = Debug|Any CPU
		{1E5AE046-4726-48D9-9B66-A5EE6DE886E4}.Release|Any CPU.ActiveCfg = Release|Any CPU
		{1E5AE046-4726-48D9-9B66-A5EE6DE886E4}.Release|Any CPU.Build.0 = Release|Any CPU
	EndGlobalSection
	GlobalSection(SolutionProperties) = preSolution
		HideSolutionNode = FALSE
	EndGlobalSection
	GlobalSection(ExtensibilityGlobals) = postSolution
		SolutionGuid = {B7AE3A7A-C4C6-4FCE-B15C-530233FD05F2}
	EndGlobalSection
EndGlobal
