
Microsoft Visual Studio Solution File, Format Version 12.00
# Visual Studio Version 16
VisualStudioVersion = 16.0.32002.261
MinimumVisualStudioVersion = 10.0.40219.1
Project("{FAE04EC0-301F-11D3-BF4B-00C04F79EFBC}") = "Adding_two_numbers", "Adding_two_numbers.csproj", "{CF413752-23B9-4C96-A072-DE91030F3350}"
EndProject
Global
	GlobalSection(SolutionConfigurationPlatforms) = preSolution
		Debug|Any CPU = Debug|Any CPU
		Release|Any CPU = Release|Any CPU
	EndGlobalSection
	GlobalSection(ProjectConfigurationPlatforms) = postSolution
		{CF413752-23B9-4C96-A072-DE91030F3350}.Debug|Any CPU.ActiveCfg = Debug|Any CPU
		{CF413752-23B9-4C96-A072-DE91030F3350}.Debug|Any CPU.Build.0 = Debug|Any CPU
		{CF413752-23B9-4C96-A072-DE91030F3350}.Release|Any CPU.ActiveCfg = Release|Any CPU
		{CF413752-23B9-4C96-A072-DE91030F3350}.Release|Any CPU.Build.0 = Release|Any CPU
	EndGlobalSection
	GlobalSection(SolutionProperties) = preSolution
		HideSolutionNode = FALSE
	EndGlobalSection
	GlobalSection(ExtensibilityGlobals) = postSolution
		SolutionGuid = {7CFC449A-A054-44EC-98EA-DAA925BA48B8}
	EndGlobalSection
EndGlobal
