
Microsoft Visual Studio Solution File, Format Version 12.00
# Visual Studio Version 16
VisualStudioVersion = 16.0.31729.503
MinimumVisualStudioVersion = 10.0.40219.1
Project("{FAE04EC0-301F-11D3-BF4B-00C04F79EFBC}") = "Web1_DataDisplayIn_SecondFrom", "Web1_DataDisplayIn_SecondFrom\Web1_DataDisplayIn_SecondFrom.csproj", "{DC9BCC76-6B9C-405C-938E-FB97EB111532}"
EndProject
Global
	GlobalSection(SolutionConfigurationPlatforms) = preSolution
		Debug|Any CPU = Debug|Any CPU
		Release|Any CPU = Release|Any CPU
	EndGlobalSection
	GlobalSection(ProjectConfigurationPlatforms) = postSolution
		{DC9BCC76-6B9C-405C-938E-FB97EB111532}.Debug|Any CPU.ActiveCfg = Debug|Any CPU
		{DC9BCC76-6B9C-405C-938E-FB97EB111532}.Debug|Any CPU.Build.0 = Debug|Any CPU
		{DC9BCC76-6B9C-405C-938E-FB97EB111532}.Release|Any CPU.ActiveCfg = Release|Any CPU
		{DC9BCC76-6B9C-405C-938E-FB97EB111532}.Release|Any CPU.Build.0 = Release|Any CPU
	EndGlobalSection
	GlobalSection(SolutionProperties) = preSolution
		HideSolutionNode = FALSE
	EndGlobalSection
	GlobalSection(ExtensibilityGlobals) = postSolution
		SolutionGuid = {4CFF1902-0544-49AE-B73A-6843AEF5A1DF}
	EndGlobalSection
EndGlobal
