
Microsoft Visual Studio Solution File, Format Version 12.00
# Visual Studio Version 16
VisualStudioVersion = 16.0.31729.503
MinimumVisualStudioVersion = 10.0.40219.1
Project("{FAE04EC0-301F-11D3-BF4B-00C04F79EFBC}") = "Create_MasterPage_example", "Create_MasterPage_example.csproj", "{82643096-C459-4EAB-9198-AEC2F92F3A8C}"
EndProject
Global
	GlobalSection(SolutionConfigurationPlatforms) = preSolution
		Debug|Any CPU = Debug|Any CPU
		Release|Any CPU = Release|Any CPU
	EndGlobalSection
	GlobalSection(ProjectConfigurationPlatforms) = postSolution
		{82643096-C459-4EAB-9198-AEC2F92F3A8C}.Debug|Any CPU.ActiveCfg = Debug|Any CPU
		{82643096-C459-4EAB-9198-AEC2F92F3A8C}.Debug|Any CPU.Build.0 = Debug|Any CPU
		{82643096-C459-4EAB-9198-AEC2F92F3A8C}.Release|Any CPU.ActiveCfg = Release|Any CPU
		{82643096-C459-4EAB-9198-AEC2F92F3A8C}.Release|Any CPU.Build.0 = Release|Any CPU
	EndGlobalSection
	GlobalSection(SolutionProperties) = preSolution
		HideSolutionNode = FALSE
	EndGlobalSection
	GlobalSection(ExtensibilityGlobals) = postSolution
		SolutionGuid = {BDBBF761-1136-43F9-A162-0595B8E13445}
	EndGlobalSection
EndGlobal
