
Microsoft Visual Studio Solution File, Format Version 12.00
# Visual Studio Version 16
VisualStudioVersion = 16.0.32002.261
MinimumVisualStudioVersion = 10.0.40219.1
Project("{FAE04EC0-301F-11D3-BF4B-00C04F79EFBC}") = "Neasted_Switch_Case_Statement", "Neasted_Switch_Case_Statement.csproj", "{B6938B37-4782-438C-9005-905D0CAB0758}"
EndProject
Global
	GlobalSection(SolutionConfigurationPlatforms) = preSolution
		Debug|Any CPU = Debug|Any CPU
		Release|Any CPU = Release|Any CPU
	EndGlobalSection
	GlobalSection(ProjectConfigurationPlatforms) = postSolution
		{B6938B37-4782-438C-9005-905D0CAB0758}.Debug|Any CPU.ActiveCfg = Debug|Any CPU
		{B6938B37-4782-438C-9005-905D0CAB0758}.Debug|Any CPU.Build.0 = Debug|Any CPU
		{B6938B37-4782-438C-9005-905D0CAB0758}.Release|Any CPU.ActiveCfg = Release|Any CPU
		{B6938B37-4782-438C-9005-905D0CAB0758}.Release|Any CPU.Build.0 = Release|Any CPU
	EndGlobalSection
	GlobalSection(SolutionProperties) = preSolution
		HideSolutionNode = FALSE
	EndGlobalSection
	GlobalSection(ExtensibilityGlobals) = postSolution
		SolutionGuid = {5AD2ECC7-00D8-42E8-9EF6-33B31CC38FE5}
	EndGlobalSection
EndGlobal
