
Microsoft Visual Studio Solution File, Format Version 12.00
# Visual Studio Version 16
VisualStudioVersion = 16.0.31729.503
MinimumVisualStudioVersion = 10.0.40219.1
Project("{FAE04EC0-301F-11D3-BF4B-00C04F79EFBC}") = "ServerSide_StateManagement", "ServerSide_StateManagement\ServerSide_StateManagement.csproj", "{27F07B8A-8025-4EF3-B8CE-C8E22290FA70}"
EndProject
Global
	GlobalSection(SolutionConfigurationPlatforms) = preSolution
		Debug|Any CPU = Debug|Any CPU
		Release|Any CPU = Release|Any CPU
	EndGlobalSection
	GlobalSection(ProjectConfigurationPlatforms) = postSolution
		{27F07B8A-8025-4EF3-B8CE-C8E22290FA70}.Debug|Any CPU.ActiveCfg = Debug|Any CPU
		{27F07B8A-8025-4EF3-B8CE-C8E22290FA70}.Debug|Any CPU.Build.0 = Debug|Any CPU
		{27F07B8A-8025-4EF3-B8CE-C8E22290FA70}.Release|Any CPU.ActiveCfg = Release|Any CPU
		{27F07B8A-8025-4EF3-B8CE-C8E22290FA70}.Release|Any CPU.Build.0 = Release|Any CPU
	EndGlobalSection
	GlobalSection(SolutionProperties) = preSolution
		HideSolutionNode = FALSE
	EndGlobalSection
	GlobalSection(ExtensibilityGlobals) = postSolution
		SolutionGuid = {C9F20573-FF32-4850-90EE-460B5D3EFF4C}
	EndGlobalSection
EndGlobal
