
Microsoft Visual Studio Solution File, Format Version 12.00
# Visual Studio Version 16
VisualStudioVersion = 16.0.32002.261
MinimumVisualStudioVersion = 10.0.40219.1
Project("{FAE04EC0-301F-11D3-BF4B-00C04F79EFBC}") = "Types_Of_Inheritance", "Types_Of_Inheritance.csproj", "{F785F503-ACD9-4382-8D32-91895FE5A99B}"
EndProject
Global
	GlobalSection(SolutionConfigurationPlatforms) = preSolution
		Debug|Any CPU = Debug|Any CPU
		Release|Any CPU = Release|Any CPU
	EndGlobalSection
	GlobalSection(ProjectConfigurationPlatforms) = postSolution
		{F785F503-ACD9-4382-8D32-91895FE5A99B}.Debug|Any CPU.ActiveCfg = Debug|Any CPU
		{F785F503-ACD9-4382-8D32-91895FE5A99B}.Debug|Any CPU.Build.0 = Debug|Any CPU
		{F785F503-ACD9-4382-8D32-91895FE5A99B}.Release|Any CPU.ActiveCfg = Release|Any CPU
		{F785F503-ACD9-4382-8D32-91895FE5A99B}.Release|Any CPU.Build.0 = Release|Any CPU
	EndGlobalSection
	GlobalSection(SolutionProperties) = preSolution
		HideSolutionNode = FALSE
	EndGlobalSection
	GlobalSection(ExtensibilityGlobals) = postSolution
		SolutionGuid = {C48098A3-04DD-48A8-A48E-190BA54588F0}
	EndGlobalSection
EndGlobal
