
Microsoft Visual Studio Solution File, Format Version 12.00
# Visual Studio Version 16
VisualStudioVersion = 16.0.31729.503
MinimumVisualStudioVersion = 10.0.40219.1
Project("{9A19103F-16F7-4668-BE54-9A1E7A4F7556}") = "C_Nov21_MyConsoleApp1", "C_Nov21_MyConsoleApp1\C_Nov21_MyConsoleApp1.csproj", "{BEB9578F-F423-45AA-B382-E681B47DF6DE}"
EndProject
Project("{9A19103F-16F7-4668-BE54-9A1E7A4F7556}") = "C_Nov25_Array_Ex", "C_Nov25_Array_Ex\C_Nov25_Array_Ex.csproj", "{0FB20DD2-2C58-4B6D-9AAC-1D5B9B8047DD}"
EndProject
Project("{9A19103F-16F7-4668-BE54-9A1E7A4F7556}") = "C_Nov25_Static_Function", "C_Nov25_Static_Function\C_Nov25_Static_Function.csproj", "{D3603DFD-6701-481B-BAE6-2B2087DAAD42}"
EndProject
Project("{9A19103F-16F7-4668-BE54-9A1E7A4F7556}") = "C_Nov25_Function_Overloading", "C_Nov25_Function_Overloading\C_Nov25_Function_Overloading.csproj", "{4CDD3FAC-C7B5-49D6-8864-936A9E86F09E}"
EndProject
Project("{9A19103F-16F7-4668-BE54-9A1E7A4F7556}") = "H_Nov25_FunctionOverloading_find_Area", "H_Nov25_FunctionOverloading_find_Area\H_Nov25_FunctionOverloading_find_Area.csproj", "{E53C8CF6-B410-4FD8-97EA-E5BEC03AEC3C}"
EndProject
Project("{FAE04EC0-301F-11D3-BF4B-00C04F79EFBC}") = "C_Nov26_Class_Object_Example", "C_Nov26_Class_Object_Example\C_Nov26_Class_Object_Example.csproj", "{A22418B4-E279-4A1E-A096-CBADD17C1790}"
EndProject
Project("{9A19103F-16F7-4668-BE54-9A1E7A4F7556}") = "C_Nov26_Class_with_Object_Method", "C_Nov26_Class_with_Object_Method\C_Nov26_Class_with_Object_Method.csproj", "{5247FCC7-8F58-48CA-903D-71263D096868}"
EndProject
Project("{9A19103F-16F7-4668-BE54-9A1E7A4F7556}") = "H_Nov29_Class_with_object_method", "H_Nov29_Class_with_object_method\H_Nov29_Class_with_object_method.csproj", "{666990CA-9263-47A9-91C6-33EE9F490BAC}"
EndProject
Project("{9A19103F-16F7-4668-BE54-9A1E7A4F7556}") = "C_Nov29_Employee_class", "C_Nov29_Employee_class\C_Nov29_Employee_class.csproj", "{D9534B97-485D-44AE-9E52-9AC5CE2B742A}"
EndProject
Project("{9A19103F-16F7-4668-BE54-9A1E7A4F7556}") = "C_Nov29_Employee_Enum", "C_Nov29_Employee_Enum\C_Nov29_Employee_Enum.csproj", "{17DAEB85-2EA3-405E-BA09-2C9D96F9DFDC}"
EndProject
Project("{9A19103F-16F7-4668-BE54-9A1E7A4F7556}") = "C_Nov29_Student_Enum", "C_Nov29_Student_Enum\C_Nov29_Student_Enum.csproj", "{E146A21A-AC7B-42F5-A1F4-395D9CB52BB5}"
EndProject
Project("{9A19103F-16F7-4668-BE54-9A1E7A4F7556}") = "C_Nov29_Static_Field_static_Function", "C_Nov29_Static_Field_static_Function\C_Nov29_Static_Field_static_Function.csproj", "{C35BAAF3-3498-4B6F-8D6E-466F8B09A862}"
EndProject
Project("{9A19103F-16F7-4668-BE54-9A1E7A4F7556}") = "H_Nov26_Employee_Class", "H_Nov26_Employee_Class\H_Nov26_Employee_Class.csproj", "{0347DC15-7484-4F49-B22B-50D01A410819}"
EndProject
Project("{9A19103F-16F7-4668-BE54-9A1E7A4F7556}") = "H_Nov26_Class_Medicine", "H_Nov26_Class_Medicine\H_Nov26_Class_Medicine.csproj", "{E17526B7-8518-405E-B7E5-9776AFD34FE5}"
EndProject
Project("{9A19103F-16F7-4668-BE54-9A1E7A4F7556}") = "H_Nov26_Book_Class", "H_Nov26_Book_Class\H_Nov26_Book_Class.csproj", "{5E5BE317-26E1-4AFA-83D3-056964444307}"
EndProject
Project("{9A19103F-16F7-4668-BE54-9A1E7A4F7556}") = "H_Nov26_INPUT_Array_Properties", "H_Nov26_INPUT_Array_Properties\H_Nov26_INPUT_Array_Properties.csproj", "{85B1A1C6-D426-4E46-8906-FFD56A009FC3}"
EndProject
Project("{9A19103F-16F7-4668-BE54-9A1E7A4F7556}") = "H_Nov29_Employee_Class_Example", "H_Nov29_Employee_Class_Example\H_Nov29_Employee_Class_Example.csproj", "{BDBF32DC-23F3-452C-9CCD-17035456F672}"
EndProject
Project("{FAE04EC0-301F-11D3-BF4B-00C04F79EFBC}") = "C_Dec1_Convert_Function", "C_Dec1_Convert_Function\C_Dec1_Convert_Function.csproj", "{AC826A15-2BDC-4F52-83B8-C23381BCC417}"
EndProject
Global
	GlobalSection(SolutionConfigurationPlatforms) = preSolution
		Debug|Any CPU = Debug|Any CPU
		Release|Any CPU = Release|Any CPU
	EndGlobalSection
	GlobalSection(ProjectConfigurationPlatforms) = postSolution
		{BEB9578F-F423-45AA-B382-E681B47DF6DE}.Debug|Any CPU.ActiveCfg = Debug|Any CPU
		{BEB9578F-F423-45AA-B382-E681B47DF6DE}.Debug|Any CPU.Build.0 = Debug|Any CPU
		{BEB9578F-F423-45AA-B382-E681B47DF6DE}.Release|Any CPU.ActiveCfg = Release|Any CPU
		{BEB9578F-F423-45AA-B382-E681B47DF6DE}.Release|Any CPU.Build.0 = Release|Any CPU
		{0FB20DD2-2C58-4B6D-9AAC-1D5B9B8047DD}.Debug|Any CPU.ActiveCfg = Debug|Any CPU
		{0FB20DD2-2C58-4B6D-9AAC-1D5B9B8047DD}.Debug|Any CPU.Build.0 = Debug|Any CPU
		{0FB20DD2-2C58-4B6D-9AAC-1D5B9B8047DD}.Release|Any CPU.ActiveCfg = Release|Any CPU
		{0FB20DD2-2C58-4B6D-9AAC-1D5B9B8047DD}.Release|Any CPU.Build.0 = Release|Any CPU
		{D3603DFD-6701-481B-BAE6-2B2087DAAD42}.Debug|Any CPU.ActiveCfg = Debug|Any CPU
		{D3603DFD-6701-481B-BAE6-2B2087DAAD42}.Debug|Any CPU.Build.0 = Debug|Any CPU
		{D3603DFD-6701-481B-BAE6-2B2087DAAD42}.Release|Any CPU.ActiveCfg = Release|Any CPU
		{D3603DFD-6701-481B-BAE6-2B2087DAAD42}.Release|Any CPU.Build.0 = Release|Any CPU
		{4CDD3FAC-C7B5-49D6-8864-936A9E86F09E}.Debug|Any CPU.ActiveCfg = Debug|Any CPU
		{4CDD3FAC-C7B5-49D6-8864-936A9E86F09E}.Debug|Any CPU.Build.0 = Debug|Any CPU
		{4CDD3FAC-C7B5-49D6-8864-936A9E86F09E}.Release|Any CPU.ActiveCfg = Release|Any CPU
		{4CDD3FAC-C7B5-49D6-8864-936A9E86F09E}.Release|Any CPU.Build.0 = Release|Any CPU
		{E53C8CF6-B410-4FD8-97EA-E5BEC03AEC3C}.Debug|Any CPU.ActiveCfg = Debug|Any CPU
		{E53C8CF6-B410-4FD8-97EA-E5BEC03AEC3C}.Debug|Any CPU.Build.0 = Debug|Any CPU
		{E53C8CF6-B410-4FD8-97EA-E5BEC03AEC3C}.Release|Any CPU.ActiveCfg = Release|Any CPU
		{E53C8CF6-B410-4FD8-97EA-E5BEC03AEC3C}.Release|Any CPU.Build.0 = Release|Any CPU
		{A22418B4-E279-4A1E-A096-CBADD17C1790}.Debug|Any CPU.ActiveCfg = Debug|Any CPU
		{A22418B4-E279-4A1E-A096-CBADD17C1790}.Debug|Any CPU.Build.0 = Debug|Any CPU
		{A22418B4-E279-4A1E-A096-CBADD17C1790}.Release|Any CPU.ActiveCfg = Release|Any CPU
		{A22418B4-E279-4A1E-A096-CBADD17C1790}.Release|Any CPU.Build.0 = Release|Any CPU
		{5247FCC7-8F58-48CA-903D-71263D096868}.Debug|Any CPU.ActiveCfg = Debug|Any CPU
		{5247FCC7-8F58-48CA-903D-71263D096868}.Debug|Any CPU.Build.0 = Debug|Any CPU
		{5247FCC7-8F58-48CA-903D-71263D096868}.Release|Any CPU.ActiveCfg = Release|Any CPU
		{5247FCC7-8F58-48CA-903D-71263D096868}.Release|Any CPU.Build.0 = Release|Any CPU
		{666990CA-9263-47A9-91C6-33EE9F490BAC}.Debug|Any CPU.ActiveCfg = Debug|Any CPU
		{666990CA-9263-47A9-91C6-33EE9F490BAC}.Debug|Any CPU.Build.0 = Debug|Any CPU
		{666990CA-9263-47A9-91C6-33EE9F490BAC}.Release|Any CPU.ActiveCfg = Release|Any CPU
		{666990CA-9263-47A9-91C6-33EE9F490BAC}.Release|Any CPU.Build.0 = Release|Any CPU
		{D9534B97-485D-44AE-9E52-9AC5CE2B742A}.Debug|Any CPU.ActiveCfg = Debug|Any CPU
		{D9534B97-485D-44AE-9E52-9AC5CE2B742A}.Debug|Any CPU.Build.0 = Debug|Any CPU
		{D9534B97-485D-44AE-9E52-9AC5CE2B742A}.Release|Any CPU.ActiveCfg = Release|Any CPU
		{D9534B97-485D-44AE-9E52-9AC5CE2B742A}.Release|Any CPU.Build.0 = Release|Any CPU
		{17DAEB85-2EA3-405E-BA09-2C9D96F9DFDC}.Debug|Any CPU.ActiveCfg = Debug|Any CPU
		{17DAEB85-2EA3-405E-BA09-2C9D96F9DFDC}.Debug|Any CPU.Build.0 = Debug|Any CPU
		{17DAEB85-2EA3-405E-BA09-2C9D96F9DFDC}.Release|Any CPU.ActiveCfg = Release|Any CPU
		{17DAEB85-2EA3-405E-BA09-2C9D96F9DFDC}.Release|Any CPU.Build.0 = Release|Any CPU
		{E146A21A-AC7B-42F5-A1F4-395D9CB52BB5}.Debug|Any CPU.ActiveCfg = Debug|Any CPU
		{E146A21A-AC7B-42F5-A1F4-395D9CB52BB5}.Debug|Any CPU.Build.0 = Debug|Any CPU
		{E146A21A-AC7B-42F5-A1F4-395D9CB52BB5}.Release|Any CPU.ActiveCfg = Release|Any CPU
		{E146A21A-AC7B-42F5-A1F4-395D9CB52BB5}.Release|Any CPU.Build.0 = Release|Any CPU
		{C35BAAF3-3498-4B6F-8D6E-466F8B09A862}.Debug|Any CPU.ActiveCfg = Debug|Any CPU
		{C35BAAF3-3498-4B6F-8D6E-466F8B09A862}.Debug|Any CPU.Build.0 = Debug|Any CPU
		{C35BAAF3-3498-4B6F-8D6E-466F8B09A862}.Release|Any CPU.ActiveCfg = Release|Any CPU
		{C35BAAF3-3498-4B6F-8D6E-466F8B09A862}.Release|Any CPU.Build.0 = Release|Any CPU
		{0347DC15-7484-4F49-B22B-50D01A410819}.Debug|Any CPU.ActiveCfg = Debug|Any CPU
		{0347DC15-7484-4F49-B22B-50D01A410819}.Debug|Any CPU.Build.0 = Debug|Any CPU
		{0347DC15-7484-4F49-B22B-50D01A410819}.Release|Any CPU.ActiveCfg = Release|Any CPU
		{0347DC15-7484-4F49-B22B-50D01A410819}.Release|Any CPU.Build.0 = Release|Any CPU
		{E17526B7-8518-405E-B7E5-9776AFD34FE5}.Debug|Any CPU.ActiveCfg = Debug|Any CPU
		{E17526B7-8518-405E-B7E5-9776AFD34FE5}.Debug|Any CPU.Build.0 = Debug|Any CPU
		{E17526B7-8518-405E-B7E5-9776AFD34FE5}.Release|Any CPU.ActiveCfg = Release|Any CPU
		{E17526B7-8518-405E-B7E5-9776AFD34FE5}.Release|Any CPU.Build.0 = Release|Any CPU
		{5E5BE317-26E1-4AFA-83D3-056964444307}.Debug|Any CPU.ActiveCfg = Debug|Any CPU
		{5E5BE317-26E1-4AFA-83D3-056964444307}.Debug|Any CPU.Build.0 = Debug|Any CPU
		{5E5BE317-26E1-4AFA-83D3-056964444307}.Release|Any CPU.ActiveCfg = Release|Any CPU
		{5E5BE317-26E1-4AFA-83D3-056964444307}.Release|Any CPU.Build.0 = Release|Any CPU
		{85B1A1C6-D426-4E46-8906-FFD56A009FC3}.Debug|Any CPU.ActiveCfg = Debug|Any CPU
		{85B1A1C6-D426-4E46-8906-FFD56A009FC3}.Debug|Any CPU.Build.0 = Debug|Any CPU
		{85B1A1C6-D426-4E46-8906-FFD56A009FC3}.Release|Any CPU.ActiveCfg = Release|Any CPU
		{85B1A1C6-D426-4E46-8906-FFD56A009FC3}.Release|Any CPU.Build.0 = Release|Any CPU
		{BDBF32DC-23F3-452C-9CCD-17035456F672}.Debug|Any CPU.ActiveCfg = Debug|Any CPU
		{BDBF32DC-23F3-452C-9CCD-17035456F672}.Debug|Any CPU.Build.0 = Debug|Any CPU
		{BDBF32DC-23F3-452C-9CCD-17035456F672}.Release|Any CPU.ActiveCfg = Release|Any CPU
		{BDBF32DC-23F3-452C-9CCD-17035456F672}.Release|Any CPU.Build.0 = Release|Any CPU
		{AC826A15-2BDC-4F52-83B8-C23381BCC417}.Debug|Any CPU.ActiveCfg = Debug|Any CPU
		{AC826A15-2BDC-4F52-83B8-C23381BCC417}.Debug|Any CPU.Build.0 = Debug|Any CPU
		{AC826A15-2BDC-4F52-83B8-C23381BCC417}.Release|Any CPU.ActiveCfg = Release|Any CPU
		{AC826A15-2BDC-4F52-83B8-C23381BCC417}.Release|Any CPU.Build.0 = Release|Any CPU
	EndGlobalSection
	GlobalSection(SolutionProperties) = preSolution
		HideSolutionNode = FALSE
	EndGlobalSection
	GlobalSection(ExtensibilityGlobals) = postSolution
		SolutionGuid = {BDBD1D16-4AC4-4CCF-B111-964DE6320873}
	EndGlobalSection
EndGlobal
