
Microsoft Visual Studio Solution File, Format Version 12.00
# Visual Studio Version 16
VisualStudioVersion = 16.0.32002.261
MinimumVisualStudioVersion = 10.0.40219.1
Project("{FAE04EC0-301F-11D3-BF4B-00C04F79EFBC}") = "Print_Hello_World", "Print_Hello_World.csproj", "{DFF17A6D-A3FB-4BEE-BCA1-E3EB32781738}"
EndProject
Global
	GlobalSection(SolutionConfigurationPlatforms) = preSolution
		Debug|Any CPU = Debug|Any CPU
		Release|Any CPU = Release|Any CPU
	EndGlobalSection
	GlobalSection(ProjectConfigurationPlatforms) = postSolution
		{DFF17A6D-A3FB-4BEE-BCA1-E3EB32781738}.Debug|Any CPU.ActiveCfg = Debug|Any CPU
		{DFF17A6D-A3FB-4BEE-BCA1-E3EB32781738}.Debug|Any CPU.Build.0 = Debug|Any CPU
		{DFF17A6D-A3FB-4BEE-BCA1-E3EB32781738}.Release|Any CPU.ActiveCfg = Release|Any CPU
		{DFF17A6D-A3FB-4BEE-BCA1-E3EB32781738}.Release|Any CPU.Build.0 = Release|Any CPU
	EndGlobalSection
	GlobalSection(SolutionProperties) = preSolution
		HideSolutionNode = FALSE
	EndGlobalSection
	GlobalSection(ExtensibilityGlobals) = postSolution
		SolutionGuid = {B2B1352F-8326-4926-AEE1-164C1AF32B6A}
	EndGlobalSection
EndGlobal
