
Microsoft Visual Studio Solution File, Format Version 12.00
# Visual Studio Version 16
VisualStudioVersion = 16.0.31729.503
MinimumVisualStudioVersion = 10.0.40219.1
Project("{FAE04EC0-301F-11D3-BF4B-00C04F79EFBC}") = "MVC_LoginForm", "MVC_LoginForm\MVC_LoginForm.csproj", "{40DC30F3-1D0A-419C-970D-FD1C5DA4BD23}"
EndProject
Global
	GlobalSection(SolutionConfigurationPlatforms) = preSolution
		Debug|Any CPU = Debug|Any CPU
		Release|Any CPU = Release|Any CPU
	EndGlobalSection
	GlobalSection(ProjectConfigurationPlatforms) = postSolution
		{40DC30F3-1D0A-419C-970D-FD1C5DA4BD23}.Debug|Any CPU.ActiveCfg = Debug|Any CPU
		{40DC30F3-1D0A-419C-970D-FD1C5DA4BD23}.Debug|Any CPU.Build.0 = Debug|Any CPU
		{40DC30F3-1D0A-419C-970D-FD1C5DA4BD23}.Release|Any CPU.ActiveCfg = Release|Any CPU
		{40DC30F3-1D0A-419C-970D-FD1C5DA4BD23}.Release|Any CPU.Build.0 = Release|Any CPU
	EndGlobalSection
	GlobalSection(SolutionProperties) = preSolution
		HideSolutionNode = FALSE
	EndGlobalSection
	GlobalSection(ExtensibilityGlobals) = postSolution
		SolutionGuid = {B2FA2E2D-14A5-4BE0-A0A4-C88CE8B3F0B5}
	EndGlobalSection
EndGlobal
