
Microsoft Visual Studio Solution File, Format Version 12.00
# Visual Studio Version 16
VisualStudioVersion = 16.0.32002.261
MinimumVisualStudioVersion = 10.0.40219.1
Project("{FAE04EC0-301F-11D3-BF4B-00C04F79EFBC}") = "Encapsulation_In_Csharp", "Encapsulation_In_Csharp.csproj", "{9B58F073-D1D6-4883-BC42-7F77E8131785}"
EndProject
Global
	GlobalSection(SolutionConfigurationPlatforms) = preSolution
		Debug|Any CPU = Debug|Any CPU
		Release|Any CPU = Release|Any CPU
	EndGlobalSection
	GlobalSection(ProjectConfigurationPlatforms) = postSolution
		{9B58F073-D1D6-4883-BC42-7F77E8131785}.Debug|Any CPU.ActiveCfg = Debug|Any CPU
		{9B58F073-D1D6-4883-BC42-7F77E8131785}.Debug|Any CPU.Build.0 = Debug|Any CPU
		{9B58F073-D1D6-4883-BC42-7F77E8131785}.Release|Any CPU.ActiveCfg = Release|Any CPU
		{9B58F073-D1D6-4883-BC42-7F77E8131785}.Release|Any CPU.Build.0 = Release|Any CPU
	EndGlobalSection
	GlobalSection(SolutionProperties) = preSolution
		HideSolutionNode = FALSE
	EndGlobalSection
	GlobalSection(ExtensibilityGlobals) = postSolution
		SolutionGuid = {6D2FA3B6-D445-44AB-A0DB-336F5B7D55B8}
	EndGlobalSection
EndGlobal
