
Microsoft Visual Studio Solution File, Format Version 12.00
# Visual Studio Version 16
VisualStudioVersion = 16.0.32002.261
MinimumVisualStudioVersion = 10.0.40219.1
Project("{FAE04EC0-301F-11D3-BF4B-00C04F79EFBC}") = "Routing_In_MVC", "Routing_In_MVC.csproj", "{B8AEE3C9-DF52-4E0D-9FF9-083CC97DBAEE}"
EndProject
Global
	GlobalSection(SolutionConfigurationPlatforms) = preSolution
		Debug|Any CPU = Debug|Any CPU
		Release|Any CPU = Release|Any CPU
	EndGlobalSection
	GlobalSection(ProjectConfigurationPlatforms) = postSolution
		{B8AEE3C9-DF52-4E0D-9FF9-083CC97DBAEE}.Debug|Any CPU.ActiveCfg = Debug|Any CPU
		{B8AEE3C9-DF52-4E0D-9FF9-083CC97DBAEE}.Debug|Any CPU.Build.0 = Debug|Any CPU
		{B8AEE3C9-DF52-4E0D-9FF9-083CC97DBAEE}.Release|Any CPU.ActiveCfg = Release|Any CPU
		{B8AEE3C9-DF52-4E0D-9FF9-083CC97DBAEE}.Release|Any CPU.Build.0 = Release|Any CPU
	EndGlobalSection
	GlobalSection(SolutionProperties) = preSolution
		HideSolutionNode = FALSE
	EndGlobalSection
	GlobalSection(ExtensibilityGlobals) = postSolution
		SolutionGuid = {63F4ECF7-258D-4517-AC25-54BF4E1AC064}
	EndGlobalSection
EndGlobal
