
Microsoft Visual Studio Solution File, Format Version 12.00
# Visual Studio Version 16
VisualStudioVersion = 16.0.32002.261
MinimumVisualStudioVersion = 10.0.40219.1
Project("{FAE04EC0-301F-11D3-BF4B-00C04F79EFBC}") = "Dynamic_Polymorphism_OR_RunTIMEPolymorhism", "Dynamic_Polymorphism_OR_RunTIMEPolymorhism.csproj", "{221CDD2B-9C7F-491C-A87F-3FC32E95E340}"
EndProject
Global
	GlobalSection(SolutionConfigurationPlatforms) = preSolution
		Debug|Any CPU = Debug|Any CPU
		Release|Any CPU = Release|Any CPU
	EndGlobalSection
	GlobalSection(ProjectConfigurationPlatforms) = postSolution
		{221CDD2B-9C7F-491C-A87F-3FC32E95E340}.Debug|Any CPU.ActiveCfg = Debug|Any CPU
		{221CDD2B-9C7F-491C-A87F-3FC32E95E340}.Debug|Any CPU.Build.0 = Debug|Any CPU
		{221CDD2B-9C7F-491C-A87F-3FC32E95E340}.Release|Any CPU.ActiveCfg = Release|Any CPU
		{221CDD2B-9C7F-491C-A87F-3FC32E95E340}.Release|Any CPU.Build.0 = Release|Any CPU
	EndGlobalSection
	GlobalSection(SolutionProperties) = preSolution
		HideSolutionNode = FALSE
	EndGlobalSection
	GlobalSection(ExtensibilityGlobals) = postSolution
		SolutionGuid = {7852DFC1-5D42-48BF-A383-27036779DB9C}
	EndGlobalSection
EndGlobal
