
Microsoft Visual Studio Solution File, Format Version 12.00
# Visual Studio Version 16
VisualStudioVersion = 16.0.32002.261
MinimumVisualStudioVersion = 10.0.40219.1
Project("{FAE04EC0-301F-11D3-BF4B-00C04F79EFBC}") = "Methods_And_Functions", "Methods_And_Functions.csproj", "{39420361-EE9C-4896-9350-A82F4D5B6D32}"
EndProject
Global
	GlobalSection(SolutionConfigurationPlatforms) = preSolution
		Debug|Any CPU = Debug|Any CPU
		Release|Any CPU = Release|Any CPU
	EndGlobalSection
	GlobalSection(ProjectConfigurationPlatforms) = postSolution
		{39420361-EE9C-4896-9350-A82F4D5B6D32}.Debug|Any CPU.ActiveCfg = Debug|Any CPU
		{39420361-EE9C-4896-9350-A82F4D5B6D32}.Debug|Any CPU.Build.0 = Debug|Any CPU
		{39420361-EE9C-4896-9350-A82F4D5B6D32}.Release|Any CPU.ActiveCfg = Release|Any CPU
		{39420361-EE9C-4896-9350-A82F4D5B6D32}.Release|Any CPU.Build.0 = Release|Any CPU
	EndGlobalSection
	GlobalSection(SolutionProperties) = preSolution
		HideSolutionNode = FALSE
	EndGlobalSection
	GlobalSection(ExtensibilityGlobals) = postSolution
		SolutionGuid = {A27E65CD-1764-43A9-91B0-4CF6B9432408}
	EndGlobalSection
EndGlobal
