
Microsoft Visual Studio Solution File, Format Version 12.00
# Visual Studio Version 16
VisualStudioVersion = 16.0.31729.503
MinimumVisualStudioVersion = 10.0.40219.1
Project("{FAE04EC0-301F-11D3-BF4B-00C04F79EFBC}") = "Three_Tire_Application", "Three_Tire_Application.csproj", "{71ECEE47-D382-4C62-AA4E-AF4E5BA7C7BC}"
EndProject
Global
	GlobalSection(SolutionConfigurationPlatforms) = preSolution
		Debug|Any CPU = Debug|Any CPU
		Release|Any CPU = Release|Any CPU
	EndGlobalSection
	GlobalSection(ProjectConfigurationPlatforms) = postSolution
		{71ECEE47-D382-4C62-AA4E-AF4E5BA7C7BC}.Debug|Any CPU.ActiveCfg = Debug|Any CPU
		{71ECEE47-D382-4C62-AA4E-AF4E5BA7C7BC}.Debug|Any CPU.Build.0 = Debug|Any CPU
		{71ECEE47-D382-4C62-AA4E-AF4E5BA7C7BC}.Release|Any CPU.ActiveCfg = Release|Any CPU
		{71ECEE47-D382-4C62-AA4E-AF4E5BA7C7BC}.Release|Any CPU.Build.0 = Release|Any CPU
	EndGlobalSection
	GlobalSection(SolutionProperties) = preSolution
		HideSolutionNode = FALSE
	EndGlobalSection
	GlobalSection(ExtensibilityGlobals) = postSolution
		SolutionGuid = {19A17361-F99F-4961-9BC2-FE345BDD7AC6}
	EndGlobalSection
EndGlobal
